
Microsoft Visual Studio Solution File, Format Version 12.00
# Visual Studio Version 16
VisualStudioVersion = 16.0.29403.142
MinimumVisualStudioVersion = 10.0.40219.1
Project("{FAE04EC0-301F-11D3-BF4B-00C04F79EFBC}") = "OpenFin.Notifications", "OpenFin.Notifications\OpenFin.Notifications.csproj", "{382DD6AF-6390-4A0D-94CC-919BC8DEDEE3}"
EndProject
Project("{2150E333-8FDC-42A3-9474-1A3956D46DE8}") = "Solution Items", "Solution Items", "{7694AFC9-33F2-4A22-971E-9A48F5C10D66}"
	ProjectSection(SolutionItems) = preProject
		.gitlab-ci.yml = .gitlab-ci.yml
		README.md = README.md
		release-notes.md = release-notes.md
		OpenFin.Notifications.Demo\ss1.png = OpenFin.Notifications.Demo\ss1.png
		OpenFin.Notifications.Demo\ss2.png = OpenFin.Notifications.Demo\ss2.png
	EndProjectSection
EndProject
Project("{7CF6DF6D-3B04-46F8-A40B-537D21BCA0B4}") = "OpenFin.Notifications.Docs", "OpenFin.Notifications.Docs\OpenFin.Notifications.Docs.shfbproj", "{14A354BB-53DA-4262-A055-AB7989207B64}"
EndProject
Project("{FAE04EC0-301F-11D3-BF4B-00C04F79EFBC}") = "OpenFin.Notifications.Tests", "OpenFin.Notifications.Tests\OpenFin.Notifications.Tests.csproj", "{DE4EA9A4-FDBA-4334-98AC-C64601F5DC99}"
EndProject
Global
	GlobalSection(SolutionConfigurationPlatforms) = preSolution
		Debug|Any CPU = Debug|Any CPU
		Release|Any CPU = Release|Any CPU
	EndGlobalSection
	GlobalSection(ProjectConfigurationPlatforms) = postSolution
		{382DD6AF-6390-4A0D-94CC-919BC8DEDEE3}.Debug|Any CPU.ActiveCfg = Debug|Any CPU
		{382DD6AF-6390-4A0D-94CC-919BC8DEDEE3}.Debug|Any CPU.Build.0 = Debug|Any CPU
		{382DD6AF-6390-4A0D-94CC-919BC8DEDEE3}.Release|Any CPU.ActiveCfg = Release|Any CPU
		{382DD6AF-6390-4A0D-94CC-919BC8DEDEE3}.Release|Any CPU.Build.0 = Release|Any CPU
		{14A354BB-53DA-4262-A055-AB7989207B64}.Debug|Any CPU.ActiveCfg = Debug|Any CPU
		{14A354BB-53DA-4262-A055-AB7989207B64}.Debug|Any CPU.Build.0 = Debug|Any CPU
		{14A354BB-53DA-4262-A055-AB7989207B64}.Release|Any CPU.ActiveCfg = Release|Any CPU
		{14A354BB-53DA-4262-A055-AB7989207B64}.Release|Any CPU.Build.0 = Release|Any CPU
		{DE4EA9A4-FDBA-4334-98AC-C64601F5DC99}.Debug|Any CPU.ActiveCfg = Debug|Any CPU
		{DE4EA9A4-FDBA-4334-98AC-C64601F5DC99}.Debug|Any CPU.Build.0 = Debug|Any CPU
		{DE4EA9A4-FDBA-4334-98AC-C64601F5DC99}.Release|Any CPU.ActiveCfg = Release|Any CPU
		{DE4EA9A4-FDBA-4334-98AC-C64601F5DC99}.Release|Any CPU.Build.0 = Release|Any CPU
	EndGlobalSection
	GlobalSection(SolutionProperties) = preSolution
		HideSolutionNode = FALSE
	EndGlobalSection
	GlobalSection(ExtensibilityGlobals) = postSolution
		SolutionGuid = {16792C26-D930-4568-B036-40C04FA8A43F}
	EndGlobalSection
EndGlobal
